
Microsoft Visual Studio Solution File, Format Version 12.00
# Visual Studio Version 16
VisualStudioVersion = 16.0.28803.452
MinimumVisualStudioVersion = 10.0.40219.1
Project("{FAE04EC0-301F-11D3-BF4B-00C04F79EFBC}") = "Block3Aufgabe3", "Block3Aufgabe3\Block3Aufgabe3.csproj", "{7E4E12C3-2C82-40CF-B19C-1BB0DAE46E15}"
EndProject
Global
	GlobalSection(SolutionConfigurationPlatforms) = preSolution
		Debug|Any CPU = Debug|Any CPU
		Release|Any CPU = Release|Any CPU
	EndGlobalSection
	GlobalSection(ProjectConfigurationPlatforms) = postSolution
		{7E4E12C3-2C82-40CF-B19C-1BB0DAE46E15}.Debug|Any CPU.ActiveCfg = Debug|Any CPU
		{7E4E12C3-2C82-40CF-B19C-1BB0DAE46E15}.Debug|Any CPU.Build.0 = Debug|Any CPU
		{7E4E12C3-2C82-40CF-B19C-1BB0DAE46E15}.Release|Any CPU.ActiveCfg = Release|Any CPU
		{7E4E12C3-2C82-40CF-B19C-1BB0DAE46E15}.Release|Any CPU.Build.0 = Release|Any CPU
	EndGlobalSection
	GlobalSection(SolutionProperties) = preSolution
		HideSolutionNode = FALSE
	EndGlobalSection
	GlobalSection(ExtensibilityGlobals) = postSolution
		SolutionGuid = {44FB618D-2C55-4929-8FB9-6015030F5270}
	EndGlobalSection
EndGlobal
